
Microsoft Visual Studio Solution File, Format Version 12.00
# Visual Studio Version 16
VisualStudioVersion = 16.0.34031.81
MinimumVisualStudioVersion = 10.0.40219.1
Project("{FAE04EC0-301F-11D3-BF4B-00C04F79EFBC}") = "63CNTT5N2", "63CNTT5N2\63CNTT5N2.csproj", "{DFA19611-7746-491D-9A7D-E317F923754E}"
EndProject
Project("{FAE04EC0-301F-11D3-BF4B-00C04F79EFBC}") = "MyClass", "MyClass\MyClass.csproj", "{2EFB320D-E3BC-4FC3-99AF-574E62AB2527}"
EndProject
Global
	GlobalSection(SolutionConfigurationPlatforms) = preSolution
		Debug|Any CPU = Debug|Any CPU
		Release|Any CPU = Release|Any CPU
	EndGlobalSection
	GlobalSection(ProjectConfigurationPlatforms) = postSolution
		{DFA19611-7746-491D-9A7D-E317F923754E}.Debug|Any CPU.ActiveCfg = Debug|Any CPU
		{DFA19611-7746-491D-9A7D-E317F923754E}.Debug|Any CPU.Build.0 = Debug|Any CPU
		{DFA19611-7746-491D-9A7D-E317F923754E}.Release|Any CPU.ActiveCfg = Release|Any CPU
		{DFA19611-7746-491D-9A7D-E317F923754E}.Release|Any CPU.Build.0 = Release|Any CPU
		{2EFB320D-E3BC-4FC3-99AF-574E62AB2527}.Debug|Any CPU.ActiveCfg = Debug|Any CPU
		{2EFB320D-E3BC-4FC3-99AF-574E62AB2527}.Debug|Any CPU.Build.0 = Debug|Any CPU
		{2EFB320D-E3BC-4FC3-99AF-574E62AB2527}.Release|Any CPU.ActiveCfg = Release|Any CPU
		{2EFB320D-E3BC-4FC3-99AF-574E62AB2527}.Release|Any CPU.Build.0 = Release|Any CPU
	EndGlobalSection
	GlobalSection(SolutionProperties) = preSolution
		HideSolutionNode = FALSE
	EndGlobalSection
	GlobalSection(ExtensibilityGlobals) = postSolution
		SolutionGuid = {A0AB4654-527E-4DD2-B0DE-B793905601CB}
	EndGlobalSection
EndGlobal
